
Microsoft Visual Studio Solution File, Format Version 12.00
# Visual Studio Version 17
VisualStudioVersion = 17.4.33205.214
MinimumVisualStudioVersion = 10.0.40219.1
Project("{2150E333-8FDC-42A3-9474-1A3956D46DE8}") = "gateway", "gateway", "{28BD1326-B962-4614-ABA2-89E135754CAA}"
EndProject
Project("{2150E333-8FDC-42A3-9474-1A3956D46DE8}") = "services", "services", "{F99A154F-F088-4ABE-8087-F5907C973E92}"
EndProject
Project("{9A19103F-16F7-4668-BE54-9A1E7A4F7556}") = "ECO.GateWayAPI", "ECO.GateWayAPI\ECO.GateWayAPI.csproj", "{FC84F60D-598B-4B82-82EB-98EFEB12E128}"
EndProject
Project("{9A19103F-16F7-4668-BE54-9A1E7A4F7556}") = "ECO.Service.Product", "ECO.Service.Product\ECO.Service.Product.csproj", "{33E2B39E-5023-48D0-BAAE-DD3DFF29B349}"
EndProject
Project("{9A19103F-16F7-4668-BE54-9A1E7A4F7556}") = "ECO.Sevice.Order", "ECO.Sevice.Order\ECO.Sevice.Order.csproj", "{4CEA5614-A71D-4089-A24B-CC26E6CB06CB}"
EndProject
Project("{9A19103F-16F7-4668-BE54-9A1E7A4F7556}") = "ECO.Service.Inventory", "ECO.Service.Inventory\ECO.Service.Inventory.csproj", "{9477807E-6974-4CB7-B922-A5D04A6DC8B5}"
EndProject
Project("{9A19103F-16F7-4668-BE54-9A1E7A4F7556}") = "ECO.Service.Basket", "ECO.Service.Basket\ECO.Service.Basket.csproj", "{273AAD21-A264-4A1D-BB34-CBDC975FDD54}"
EndProject
Project("{2150E333-8FDC-42A3-9474-1A3956D46DE8}") = "shared", "shared", "{EADEA30A-4B4B-4CF8-A368-458093279E8D}"
EndProject
Project("{9A19103F-16F7-4668-BE54-9A1E7A4F7556}") = "Infrastructure", "Infrastructure\Infrastructure.csproj", "{1C0F7E85-FDDC-40F1-97A2-4A2BCAA47D15}"
EndProject
Project("{9A19103F-16F7-4668-BE54-9A1E7A4F7556}") = "Contracts", "Contracts\Contracts.csproj", "{56DA05DF-8A5E-4A76-949B-37ABFC6148E9}"
EndProject
Project("{FAE04EC0-301F-11D3-BF4B-00C04F79EFBC}") = "ECO.Service.Identity", "ECO.Service.Identity\ECO.Service.Identity.csproj", "{E219396E-814B-4662-90B1-F0C5D0EB6BE9}"
EndProject
Global
	GlobalSection(SolutionConfigurationPlatforms) = preSolution
		Debug|Any CPU = Debug|Any CPU
		Release|Any CPU = Release|Any CPU
	EndGlobalSection
	GlobalSection(ProjectConfigurationPlatforms) = postSolution
		{FC84F60D-598B-4B82-82EB-98EFEB12E128}.Debug|Any CPU.ActiveCfg = Debug|Any CPU
		{FC84F60D-598B-4B82-82EB-98EFEB12E128}.Debug|Any CPU.Build.0 = Debug|Any CPU
		{FC84F60D-598B-4B82-82EB-98EFEB12E128}.Release|Any CPU.ActiveCfg = Release|Any CPU
		{FC84F60D-598B-4B82-82EB-98EFEB12E128}.Release|Any CPU.Build.0 = Release|Any CPU
		{33E2B39E-5023-48D0-BAAE-DD3DFF29B349}.Debug|Any CPU.ActiveCfg = Debug|Any CPU
		{33E2B39E-5023-48D0-BAAE-DD3DFF29B349}.Debug|Any CPU.Build.0 = Debug|Any CPU
		{33E2B39E-5023-48D0-BAAE-DD3DFF29B349}.Release|Any CPU.ActiveCfg = Release|Any CPU
		{33E2B39E-5023-48D0-BAAE-DD3DFF29B349}.Release|Any CPU.Build.0 = Release|Any CPU
		{4CEA5614-A71D-4089-A24B-CC26E6CB06CB}.Debug|Any CPU.ActiveCfg = Debug|Any CPU
		{4CEA5614-A71D-4089-A24B-CC26E6CB06CB}.Debug|Any CPU.Build.0 = Debug|Any CPU
		{4CEA5614-A71D-4089-A24B-CC26E6CB06CB}.Release|Any CPU.ActiveCfg = Release|Any CPU
		{4CEA5614-A71D-4089-A24B-CC26E6CB06CB}.Release|Any CPU.Build.0 = Release|Any CPU
		{9477807E-6974-4CB7-B922-A5D04A6DC8B5}.Debug|Any CPU.ActiveCfg = Debug|Any CPU
		{9477807E-6974-4CB7-B922-A5D04A6DC8B5}.Debug|Any CPU.Build.0 = Debug|Any CPU
		{9477807E-6974-4CB7-B922-A5D04A6DC8B5}.Release|Any CPU.ActiveCfg = Release|Any CPU
		{9477807E-6974-4CB7-B922-A5D04A6DC8B5}.Release|Any CPU.Build.0 = Release|Any CPU
		{273AAD21-A264-4A1D-BB34-CBDC975FDD54}.Debug|Any CPU.ActiveCfg = Debug|Any CPU
		{273AAD21-A264-4A1D-BB34-CBDC975FDD54}.Debug|Any CPU.Build.0 = Debug|Any CPU
		{273AAD21-A264-4A1D-BB34-CBDC975FDD54}.Release|Any CPU.ActiveCfg = Release|Any CPU
		{273AAD21-A264-4A1D-BB34-CBDC975FDD54}.Release|Any CPU.Build.0 = Release|Any CPU
		{1C0F7E85-FDDC-40F1-97A2-4A2BCAA47D15}.Debug|Any CPU.ActiveCfg = Debug|Any CPU
		{1C0F7E85-FDDC-40F1-97A2-4A2BCAA47D15}.Debug|Any CPU.Build.0 = Debug|Any CPU
		{1C0F7E85-FDDC-40F1-97A2-4A2BCAA47D15}.Release|Any CPU.ActiveCfg = Release|Any CPU
		{1C0F7E85-FDDC-40F1-97A2-4A2BCAA47D15}.Release|Any CPU.Build.0 = Release|Any CPU
		{56DA05DF-8A5E-4A76-949B-37ABFC6148E9}.Debug|Any CPU.ActiveCfg = Debug|Any CPU
		{56DA05DF-8A5E-4A76-949B-37ABFC6148E9}.Debug|Any CPU.Build.0 = Debug|Any CPU
		{56DA05DF-8A5E-4A76-949B-37ABFC6148E9}.Release|Any CPU.ActiveCfg = Release|Any CPU
		{56DA05DF-8A5E-4A76-949B-37ABFC6148E9}.Release|Any CPU.Build.0 = Release|Any CPU
		{E219396E-814B-4662-90B1-F0C5D0EB6BE9}.Debug|Any CPU.ActiveCfg = Debug|Any CPU
		{E219396E-814B-4662-90B1-F0C5D0EB6BE9}.Debug|Any CPU.Build.0 = Debug|Any CPU
		{E219396E-814B-4662-90B1-F0C5D0EB6BE9}.Release|Any CPU.ActiveCfg = Release|Any CPU
		{E219396E-814B-4662-90B1-F0C5D0EB6BE9}.Release|Any CPU.Build.0 = Release|Any CPU
	EndGlobalSection
	GlobalSection(SolutionProperties) = preSolution
		HideSolutionNode = FALSE
	EndGlobalSection
	GlobalSection(NestedProjects) = preSolution
		{FC84F60D-598B-4B82-82EB-98EFEB12E128} = {28BD1326-B962-4614-ABA2-89E135754CAA}
		{33E2B39E-5023-48D0-BAAE-DD3DFF29B349} = {F99A154F-F088-4ABE-8087-F5907C973E92}
		{4CEA5614-A71D-4089-A24B-CC26E6CB06CB} = {F99A154F-F088-4ABE-8087-F5907C973E92}
		{9477807E-6974-4CB7-B922-A5D04A6DC8B5} = {F99A154F-F088-4ABE-8087-F5907C973E92}
		{273AAD21-A264-4A1D-BB34-CBDC975FDD54} = {F99A154F-F088-4ABE-8087-F5907C973E92}
		{1C0F7E85-FDDC-40F1-97A2-4A2BCAA47D15} = {EADEA30A-4B4B-4CF8-A368-458093279E8D}
		{56DA05DF-8A5E-4A76-949B-37ABFC6148E9} = {EADEA30A-4B4B-4CF8-A368-458093279E8D}
		{E219396E-814B-4662-90B1-F0C5D0EB6BE9} = {F99A154F-F088-4ABE-8087-F5907C973E92}
	EndGlobalSection
	GlobalSection(ExtensibilityGlobals) = postSolution
		SolutionGuid = {55D0EABD-169E-45DE-8F5A-8BEC02054E0E}
	EndGlobalSection
EndGlobal
